
Microsoft Visual Studio Solution File, Format Version 12.00
# Visual Studio Version 16
VisualStudioVersion = 16.0.808.3
MinimumVisualStudioVersion = 10.0.40219.1
Project("{FAE04EC0-301F-11D3-BF4B-00C04F79EFBC}") = "Tailspin.SpaceGame.Web.Models", "Tailspin.SpaceGame.Web.Models.csproj", "{901F89B5-24F9-47A2-8372-E8F6D9360BC1}"
EndProject
Global
	GlobalSection(SolutionConfigurationPlatforms) = preSolution
		Debug|Any CPU = Debug|Any CPU
		Release|Any CPU = Release|Any CPU
	EndGlobalSection
	GlobalSection(ProjectConfigurationPlatforms) = postSolution
		{901F89B5-24F9-47A2-8372-E8F6D9360BC1}.Debug|Any CPU.ActiveCfg = Debug|Any CPU
		{901F89B5-24F9-47A2-8372-E8F6D9360BC1}.Debug|Any CPU.Build.0 = Debug|Any CPU
		{901F89B5-24F9-47A2-8372-E8F6D9360BC1}.Release|Any CPU.ActiveCfg = Release|Any CPU
		{901F89B5-24F9-47A2-8372-E8F6D9360BC1}.Release|Any CPU.Build.0 = Release|Any CPU
	EndGlobalSection
	GlobalSection(SolutionProperties) = preSolution
		HideSolutionNode = FALSE
	EndGlobalSection
	GlobalSection(ExtensibilityGlobals) = postSolution
		SolutionGuid = {8BCA4BC5-3AD7-4D6E-86BF-936CA67BE200}
	EndGlobalSection
EndGlobal
